PODS:
  - PSFadingScrollView (0.1.0)

DEPENDENCIES:
  - PSFadingScrollView (from `../`)

EXTERNAL SOURCES:
  PSFadingScrollView:
    :path: ../

SPEC CHECKSUMS:
  PSFadingScrollView: c5d9b0190b7e5a1576425c62d166c63f30cd896a

PODFILE CHECKSUM: 4a20f175c25b5ce43abf52339bf7755afbc1bed8

COCOAPODS: 1.3.1
